
Microsoft Visual Studio Solution File, Format Version 12.00
# Visual Studio Version 17
VisualStudioVersion = 17.8.0.0
MinimumVisualStudioVersion = 17.8.0.0
Project("{9A19103F-16F7-4668-BE54-9A1E7A4F7556}") = "Hosting", "Hosting\Hosting.csproj", "{97D4E5D7-92A3-4385-B7CF-E4FD50349F0F}"
EndProject
Project("{9A19103F-16F7-4668-BE54-9A1E7A4F7556}") = "ServiceDefaults", "ServiceDefaults\ServiceDefaults.csproj", "{AECC3275-CE4D-4A94-8DDD-D2EAB54E01F6}"
EndProject
Project("{2150E333-8FDC-42A3-9474-1A3956D46DE8}") = "RecipeApi", "RecipeApi", "{06A6B92B-5EBA-A8EE-7721-DDE959D84396}"
EndProject
Project("{FAE04EC0-301F-11D3-BF4B-00C04F79EFBC}") = "RecipeApplication", "RecipeApi\Application\RecipeApplication.csproj", "{BFE4A450-D437-4CA9-8465-9B76B07551CB}"
EndProject
Project("{FAE04EC0-301F-11D3-BF4B-00C04F79EFBC}") = "RecipeDomain", "RecipeApi\Domain\RecipeDomain.csproj", "{37352659-7A73-4141-ADE6-AC3E6E10D617}"
EndProject
Project("{FAE04EC0-301F-11D3-BF4B-00C04F79EFBC}") = "RecipeInfrastructure", "RecipeApi\Infrastructure\RecipeInfrastructure.csproj", "{054EAEAF-92C1-4484-85C9-06EA7E198D9C}"
EndProject
Project("{2150E333-8FDC-42A3-9474-1A3956D46DE8}") = "MealPlannerApi", "MealPlannerApi", "{BB38E37F-AF12-5DFF-B706-CB4211927514}"
EndProject
Project("{FAE04EC0-301F-11D3-BF4B-00C04F79EFBC}") = "MealPlannerApplication", "MealPlannerApi\Application\MealPlannerApplication.csproj", "{7E3BFEC8-BB1E-4D06-BF7C-E1DC910EBD6D}"
EndProject
Project("{FAE04EC0-301F-11D3-BF4B-00C04F79EFBC}") = "MealPlannerInfrastructure", "MealPlannerApi\Infrastructure\MealPlannerInfrastructure.csproj", "{C375B058-43D5-483C-80F3-B0780BC23977}"
EndProject
Project("{FAE04EC0-301F-11D3-BF4B-00C04F79EFBC}") = "MealPlannerDomain", "MealPlannerApi\Domain\MealPlannerDomain.csproj", "{81D9D89E-040B-40D7-81DD-5A4223F2FBF4}"
EndProject
Project("{2150E333-8FDC-42A3-9474-1A3956D46DE8}") = "Common", "Common", "{881589EE-639B-0A35-DBCE-5D94E4FC90C0}"
EndProject
Project("{FAE04EC0-301F-11D3-BF4B-00C04F79EFBC}") = "Common", "Common\Common.csproj", "{4F75B948-EC59-463B-8806-7D5C3B31AC03}"
EndProject
Project("{2150E333-8FDC-42A3-9474-1A3956D46DE8}") = "WebApiBFF", "WebApiBFF", "{DD2FA573-3C94-725E-A8BA-171A5B53B81F}"
EndProject
Project("{FAE04EC0-301F-11D3-BF4B-00C04F79EFBC}") = "WebApiBffApplication", "WebApiBFF\Application\WebApiBffApplication.csproj", "{1B8B0470-686B-4733-9553-E4734CA5B242}"
EndProject
Project("{FAE04EC0-301F-11D3-BF4B-00C04F79EFBC}") = "Domain", "WebApiBFF\Domain\Domain.csproj", "{186060CF-D57B-4A70-B1E2-FC4F6BF67FDA}"
EndProject
Project("{FAE04EC0-301F-11D3-BF4B-00C04F79EFBC}") = "Infrastructure", "WebApiBFF\Infrastructure\Infrastructure.csproj", "{E45FFF3B-6A49-453B-B149-168D86942088}"
EndProject
Project("{FAE04EC0-301F-11D3-BF4B-00C04F79EFBC}") = "AzureServiceBusEventBus", "AzureServiceBusEventBus\AzureServiceBusEventBus.csproj", "{670B301C-33A9-4D23-A721-0A40FBDBCDE7}"
EndProject
Global
	GlobalSection(SolutionConfigurationPlatforms) = preSolution
		Debug|Any CPU = Debug|Any CPU
		Release|Any CPU = Release|Any CPU
	EndGlobalSection
	GlobalSection(ProjectConfigurationPlatforms) = postSolution
		{97D4E5D7-92A3-4385-B7CF-E4FD50349F0F}.Debug|Any CPU.ActiveCfg = Debug|Any CPU
		{97D4E5D7-92A3-4385-B7CF-E4FD50349F0F}.Debug|Any CPU.Build.0 = Debug|Any CPU
		{97D4E5D7-92A3-4385-B7CF-E4FD50349F0F}.Release|Any CPU.ActiveCfg = Release|Any CPU
		{97D4E5D7-92A3-4385-B7CF-E4FD50349F0F}.Release|Any CPU.Build.0 = Release|Any CPU
		{AECC3275-CE4D-4A94-8DDD-D2EAB54E01F6}.Debug|Any CPU.ActiveCfg = Debug|Any CPU
		{AECC3275-CE4D-4A94-8DDD-D2EAB54E01F6}.Debug|Any CPU.Build.0 = Debug|Any CPU
		{AECC3275-CE4D-4A94-8DDD-D2EAB54E01F6}.Release|Any CPU.ActiveCfg = Release|Any CPU
		{AECC3275-CE4D-4A94-8DDD-D2EAB54E01F6}.Release|Any CPU.Build.0 = Release|Any CPU
		{BFE4A450-D437-4CA9-8465-9B76B07551CB}.Debug|Any CPU.ActiveCfg = Debug|Any CPU
		{BFE4A450-D437-4CA9-8465-9B76B07551CB}.Debug|Any CPU.Build.0 = Debug|Any CPU
		{BFE4A450-D437-4CA9-8465-9B76B07551CB}.Release|Any CPU.ActiveCfg = Release|Any CPU
		{BFE4A450-D437-4CA9-8465-9B76B07551CB}.Release|Any CPU.Build.0 = Release|Any CPU
		{37352659-7A73-4141-ADE6-AC3E6E10D617}.Debug|Any CPU.ActiveCfg = Debug|Any CPU
		{37352659-7A73-4141-ADE6-AC3E6E10D617}.Debug|Any CPU.Build.0 = Debug|Any CPU
		{37352659-7A73-4141-ADE6-AC3E6E10D617}.Release|Any CPU.ActiveCfg = Release|Any CPU
		{37352659-7A73-4141-ADE6-AC3E6E10D617}.Release|Any CPU.Build.0 = Release|Any CPU
		{054EAEAF-92C1-4484-85C9-06EA7E198D9C}.Debug|Any CPU.ActiveCfg = Debug|Any CPU
		{054EAEAF-92C1-4484-85C9-06EA7E198D9C}.Debug|Any CPU.Build.0 = Debug|Any CPU
		{054EAEAF-92C1-4484-85C9-06EA7E198D9C}.Release|Any CPU.ActiveCfg = Release|Any CPU
		{054EAEAF-92C1-4484-85C9-06EA7E198D9C}.Release|Any CPU.Build.0 = Release|Any CPU
		{7E3BFEC8-BB1E-4D06-BF7C-E1DC910EBD6D}.Debug|Any CPU.ActiveCfg = Debug|Any CPU
		{7E3BFEC8-BB1E-4D06-BF7C-E1DC910EBD6D}.Debug|Any CPU.Build.0 = Debug|Any CPU
		{7E3BFEC8-BB1E-4D06-BF7C-E1DC910EBD6D}.Release|Any CPU.ActiveCfg = Release|Any CPU
		{7E3BFEC8-BB1E-4D06-BF7C-E1DC910EBD6D}.Release|Any CPU.Build.0 = Release|Any CPU
		{C375B058-43D5-483C-80F3-B0780BC23977}.Debug|Any CPU.ActiveCfg = Debug|Any CPU
		{C375B058-43D5-483C-80F3-B0780BC23977}.Debug|Any CPU.Build.0 = Debug|Any CPU
		{C375B058-43D5-483C-80F3-B0780BC23977}.Release|Any CPU.ActiveCfg = Release|Any CPU
		{C375B058-43D5-483C-80F3-B0780BC23977}.Release|Any CPU.Build.0 = Release|Any CPU
		{81D9D89E-040B-40D7-81DD-5A4223F2FBF4}.Debug|Any CPU.ActiveCfg = Debug|Any CPU
		{81D9D89E-040B-40D7-81DD-5A4223F2FBF4}.Debug|Any CPU.Build.0 = Debug|Any CPU
		{81D9D89E-040B-40D7-81DD-5A4223F2FBF4}.Release|Any CPU.ActiveCfg = Release|Any CPU
		{81D9D89E-040B-40D7-81DD-5A4223F2FBF4}.Release|Any CPU.Build.0 = Release|Any CPU
		{4F75B948-EC59-463B-8806-7D5C3B31AC03}.Debug|Any CPU.ActiveCfg = Debug|Any CPU
		{4F75B948-EC59-463B-8806-7D5C3B31AC03}.Debug|Any CPU.Build.0 = Debug|Any CPU
		{4F75B948-EC59-463B-8806-7D5C3B31AC03}.Release|Any CPU.ActiveCfg = Release|Any CPU
		{4F75B948-EC59-463B-8806-7D5C3B31AC03}.Release|Any CPU.Build.0 = Release|Any CPU
		{1B8B0470-686B-4733-9553-E4734CA5B242}.Debug|Any CPU.ActiveCfg = Debug|Any CPU
		{1B8B0470-686B-4733-9553-E4734CA5B242}.Debug|Any CPU.Build.0 = Debug|Any CPU
		{1B8B0470-686B-4733-9553-E4734CA5B242}.Release|Any CPU.ActiveCfg = Release|Any CPU
		{1B8B0470-686B-4733-9553-E4734CA5B242}.Release|Any CPU.Build.0 = Release|Any CPU
		{186060CF-D57B-4A70-B1E2-FC4F6BF67FDA}.Debug|Any CPU.ActiveCfg = Debug|Any CPU
		{186060CF-D57B-4A70-B1E2-FC4F6BF67FDA}.Debug|Any CPU.Build.0 = Debug|Any CPU
		{186060CF-D57B-4A70-B1E2-FC4F6BF67FDA}.Release|Any CPU.ActiveCfg = Release|Any CPU
		{186060CF-D57B-4A70-B1E2-FC4F6BF67FDA}.Release|Any CPU.Build.0 = Release|Any CPU
		{E45FFF3B-6A49-453B-B149-168D86942088}.Debug|Any CPU.ActiveCfg = Debug|Any CPU
		{E45FFF3B-6A49-453B-B149-168D86942088}.Debug|Any CPU.Build.0 = Debug|Any CPU
		{E45FFF3B-6A49-453B-B149-168D86942088}.Release|Any CPU.ActiveCfg = Release|Any CPU
		{E45FFF3B-6A49-453B-B149-168D86942088}.Release|Any CPU.Build.0 = Release|Any CPU
		{670B301C-33A9-4D23-A721-0A40FBDBCDE7}.Debug|Any CPU.ActiveCfg = Debug|Any CPU
		{670B301C-33A9-4D23-A721-0A40FBDBCDE7}.Debug|Any CPU.Build.0 = Debug|Any CPU
		{670B301C-33A9-4D23-A721-0A40FBDBCDE7}.Release|Any CPU.ActiveCfg = Release|Any CPU
		{670B301C-33A9-4D23-A721-0A40FBDBCDE7}.Release|Any CPU.Build.0 = Release|Any CPU
	EndGlobalSection
	GlobalSection(SolutionProperties) = preSolution
		HideSolutionNode = FALSE
	EndGlobalSection
	GlobalSection(NestedProjects) = preSolution
		{BFE4A450-D437-4CA9-8465-9B76B07551CB} = {06A6B92B-5EBA-A8EE-7721-DDE959D84396}
		{37352659-7A73-4141-ADE6-AC3E6E10D617} = {06A6B92B-5EBA-A8EE-7721-DDE959D84396}
		{054EAEAF-92C1-4484-85C9-06EA7E198D9C} = {06A6B92B-5EBA-A8EE-7721-DDE959D84396}
		{7E3BFEC8-BB1E-4D06-BF7C-E1DC910EBD6D} = {BB38E37F-AF12-5DFF-B706-CB4211927514}
		{C375B058-43D5-483C-80F3-B0780BC23977} = {BB38E37F-AF12-5DFF-B706-CB4211927514}
		{81D9D89E-040B-40D7-81DD-5A4223F2FBF4} = {BB38E37F-AF12-5DFF-B706-CB4211927514}
		{4F75B948-EC59-463B-8806-7D5C3B31AC03} = {881589EE-639B-0A35-DBCE-5D94E4FC90C0}
		{1B8B0470-686B-4733-9553-E4734CA5B242} = {DD2FA573-3C94-725E-A8BA-171A5B53B81F}
		{186060CF-D57B-4A70-B1E2-FC4F6BF67FDA} = {DD2FA573-3C94-725E-A8BA-171A5B53B81F}
		{E45FFF3B-6A49-453B-B149-168D86942088} = {DD2FA573-3C94-725E-A8BA-171A5B53B81F}
	EndGlobalSection
	GlobalSection(ExtensibilityGlobals) = postSolution
		SolutionGuid = {E71AB44B-A673-47FD-804E-24A878C9E215}
	EndGlobalSection
EndGlobal
